{
  "name": "tilescanner",
  "version": "1.0.0",
  "lockfileVersion": 3,
  "requires": true,
  "packages": {
    "": {
      "name": "tilescanner",
      "version": "1.0.0",
      "license": "ISC",
      "dependencies": {
        "tga": "^1.0.7"
      }
    },
    "node_modules/debug": {
      "version": "2.6.9",
      "resolved": "https://registry.npmjs.org/debug/-/debug-2.6.9.tgz",
      "integrity": "sha512-bC7ElrdJaJnPbAP+1EotYvqZsb3ecl5wi6Bfi6BJTUcNowp6cvspg0jXznRTKDjm/E7AdgFBVeAPVMNcKGsHMA==",
      "license": "MIT",
      "dependencies": {
        "ms": "2.0.0"
      }
    },
    "node_modules/ms": {
      "version": "2.0.0",
      "resolved": "https://registry.npmjs.org/ms/-/ms-2.0.0.tgz",
      "integrity": "sha512-Tpp60P6IUJDTuOq/5Z8cdskzJujfwqfOTkrwIwj7IRISpnkJnT6SyJ4PCPnGMoFjC9ddhal5KVIYtAt97ix05A==",
      "license": "MIT"
    },
    "node_modules/restructure": {
      "version": "2.0.1",
      "resolved": "https://registry.npmjs.org/restructure/-/restructure-2.0.1.tgz",
      "integrity": "sha512-e0dOpjm5DseomnXx2M5lpdZ5zoHqF1+bqdMJUohoYVVQa7cBdnk7fdmeI6byNWP/kiME72EeTiSypTCVnpLiDg==",
      "license": "MIT"
    },
    "node_modules/tga": {
      "version": "1.0.7",
      "resolved": "https://registry.npmjs.org/tga/-/tga-1.0.7.tgz",
      "integrity": "sha512-GFVJwov5aJTMgh8U1QfaRheIELXo+dYc1qYIvQEIqZX4n+S6Fj/SDWsdbelHt7WP08xOR6W1z5aJQ+Ilh5gIeA==",
      "license": "MIT",
      "dependencies": {
        "debug": "^2.6.1",
        "restructure": "^2.0.0"
      },
      "engines": {
        "node": ">=6.0.0"
      }
    }
  }
}
